
Microsoft Visual Studio Solution File, Format Version 12.00
# Visual Studio Version 17
VisualStudioVersion = 17.2.32616.157
MinimumVisualStudioVersion = 10.0.40219.1
Project("{FAE04EC0-301F-11D3-BF4B-00C04F79EFBC}") = "Learning project", "Learning project\Learning project.csproj", "{697C5F4F-1475-430A-8E30-D63A8D85283D}"
EndProject
Global
	GlobalSection(SolutionConfigurationPlatforms) = preSolution
		Debug|Any CPU = Debug|Any CPU
		Release|Any CPU = Release|Any CPU
	EndGlobalSection
	GlobalSection(ProjectConfigurationPlatforms) = postSolution
		{697C5F4F-1475-430A-8E30-D63A8D85283D}.Debug|Any CPU.ActiveCfg = Debug|Any CPU
		{697C5F4F-1475-430A-8E30-D63A8D85283D}.Debug|Any CPU.Build.0 = Debug|Any CPU
		{697C5F4F-1475-430A-8E30-D63A8D85283D}.Release|Any CPU.ActiveCfg = Release|Any CPU
		{697C5F4F-1475-430A-8E30-D63A8D85283D}.Release|Any CPU.Build.0 = Release|Any CPU
	EndGlobalSection
	GlobalSection(SolutionProperties) = preSolution
		HideSolutionNode = FALSE
	EndGlobalSection
	GlobalSection(ExtensibilityGlobals) = postSolution
		SolutionGuid = {3409E570-650C-4AAB-BCD5-05B2D63F3704}
	EndGlobalSection
EndGlobal
